{
  "name": "exm",
  "lockfileVersion": 3,
  "requires": true,
  "packages": {
    "": {
      "dependencies": {
        "@photo-sphere-viewer/core": "^5.4.1"
      }
    },
    "node_modules/@photo-sphere-viewer/core": {
      "version": "5.4.1",
      "resolved": "https://registry.npmjs.org/@photo-sphere-viewer/core/-/core-5.4.1.tgz",
      "integrity": "sha512-wB1mwxnVC1U6MK5hpqvLjBYsx7rveWbbg3w4HKGGArHfJuwwgsw8O9Xn9RSSTNFbc2xzZMQ2KxLNB2TJdckPTQ==",
      "dependencies": {
        "three": "^0.156.1"
      }
    },
    "node_modules/three": {
      "version": "0.156.1",
      "resolved": "https://registry.npmjs.org/three/-/three-0.156.1.tgz",
      "integrity": "sha512-kP7H0FK9d/k6t/XvQ9FO6i+QrePoDcNhwl0I02+wmUJRNSLCUIDMcfObnzQvxb37/0Uc9TDT0T1HgsRRrO6SYQ=="
    }
  }
}
